# This file was autogenerated by Stack.
# You should not edit this file by hand.
# For more information, please see the documentation at:
#   https://docs.haskellstack.org/en/stable/lock_files

packages: []
snapshots:
- completed:
    size: 516673
    url: https://raw.githubusercontent.com/commercialhaskell/stackage-snapshots/master/nightly/2020/4/21.yaml
    sha256: 5a5ae363af07a9d219ac32ed9d90453df19842fefddbe5d806177679ae4dc1a3
  original: nightly-2020-04-21
